{
  "name": "node.flow",
  "version": "1.2.3",
  "lockfileVersion": 1,
  "requires": true,
  "dependencies": {
    "is": {
      "version": "0.2.7",
      "resolved": "https://registry.npmjs.org/is/-/is-0.2.7.tgz",
      "integrity": "sha1-OzSixI81mXLzUEKEkZOucmS2NWI="
    },
    "node.extend": {
      "version": "1.0.8",
      "resolved": "https://registry.npmjs.org/node.extend/-/node.extend-1.0.8.tgz",
      "integrity": "sha1-urBDefc4P0WHmQyd8Htqf2Xbdys=",
      "requires": {
        "is": "~0.2.6",
        "object-keys": "~0.4.0"
      }
    },
    "object-keys": {
      "version": "0.4.0",
      "resolved": "https://registry.npmjs.org/object-keys/-/object-keys-0.4.0.tgz",
      "integrity": "sha1-KKaq50KN0sOpLz2V8hM13SBOAzY="
    },
    "should": {
      "version": "2.1.1",
      "resolved": "https://registry.npmjs.org/should/-/should-2.1.1.tgz",
      "integrity": "sha1-xkixOotGRGXC+DjqDJPxLkrgbGs=",
      "dev": true
    }
  }
}
